<Solution>
  <Project Path="../../day-3/task-3/QuotesApi/QuotesApi.csproj" />
  <Project Path="../../day-3/task-3/QuotesApi.Tests/QuotesApi.Tests.csproj" />
  <Project Path="../../day-4/task-2/QuotesApi.Auth.Tests/QuotesApi.Auth.Tests.csproj" />
  <Project Path="QuotesApi.Logging.Tests/QuotesApi.Logging.Tests.csproj" />
</Solution>
